
Microsoft Visual Studio Solution File, Format Version 12.00
# Visual Studio 15
VisualStudioVersion = 15.0.27004.2005
MinimumVisualStudioVersion = 10.0.40219.1
Project("{D954291E-2A0B-460D-934E-DC6B0785DB48}") = "App3", "App3\App3\App3.shproj", "{A9EE056B-6F37-4784-AC2D-A85084021763}"
EndProject
Project("{FAE04EC0-301F-11D3-BF4B-00C04F79EFBC}") = "App3.Android", "App3\App3.Android\App3.Android.csproj", "{76517A56-EB46-4DFF-A0F9-92F5EB647851}"
EndProject
Project("{FAE04EC0-301F-11D3-BF4B-00C04F79EFBC}") = "App3.iOS", "App3\App3.iOS\App3.iOS.csproj", "{2DDADFF6-3ABF-41DF-8DEC-0A72AA8909FC}"
EndProject
Global
	GlobalSection(SharedMSBuildProjectFiles) = preSolution
		App3\App3\App3.projitems*{2ddadff6-3abf-41df-8dec-0a72aa8909fc}*SharedItemsImports = 4
		App3\App3\App3.projitems*{76517a56-eb46-4dff-a0f9-92f5eb647851}*SharedItemsImports = 4
		App3\App3\App3.projitems*{a9ee056b-6f37-4784-ac2d-a85084021763}*SharedItemsImports = 13
	EndGlobalSection
	GlobalSection(SolutionConfigurationPlatforms) = preSolution
		Ad-Hoc|Any CPU = Ad-Hoc|Any CPU
		Ad-Hoc|iPhone = Ad-Hoc|iPhone
		Ad-Hoc|iPhoneSimulator = Ad-Hoc|iPhoneSimulator
		AppStore|Any CPU = AppStore|Any CPU
		AppStore|iPhone = AppStore|iPhone
		AppStore|iPhoneSimulator = AppStore|iPhoneSimulator
		Debug|Any CPU = Debug|Any CPU
		Debug|iPhone = Debug|iPhone
		Debug|iPhoneSimulator = Debug|iPhoneSimulator
		Release|Any CPU = Release|Any CPU
		Release|iPhone = Release|iPhone
		Release|iPhoneSimulator = Release|iPhoneSimulator
	EndGlobalSection
	GlobalSection(ProjectConfigurationPlatforms) = postSolution
		{76517A56-EB46-4DFF-A0F9-92F5EB647851}.Ad-Hoc|Any CPU.ActiveCfg = Release|Any CPU
		{76517A56-EB46-4DFF-A0F9-92F5EB647851}.Ad-Hoc|Any CPU.Build.0 = Release|Any CPU
		{76517A56-EB46-4DFF-A0F9-92F5EB647851}.Ad-Hoc|Any CPU.Deploy.0 = Release|Any CPU
		{76517A56-EB46-4DFF-A0F9-92F5EB647851}.Ad-Hoc|iPhone.ActiveCfg = Release|Any CPU
		{76517A56-EB46-4DFF-A0F9-92F5EB647851}.Ad-Hoc|iPhone.Build.0 = Release|Any CPU
		{76517A56-EB46-4DFF-A0F9-92F5EB647851}.Ad-Hoc|iPhone.Deploy.0 = Release|Any CPU
		{76517A56-EB46-4DFF-A0F9-92F5EB647851}.Ad-Hoc|iPhoneSimulator.ActiveCfg = Release|Any CPU
		{76517A56-EB46-4DFF-A0F9-92F5EB647851}.Ad-Hoc|iPhoneSimulator.Build.0 = Release|Any CPU
		{76517A56-EB46-4DFF-A0F9-92F5EB647851}.Ad-Hoc|iPhoneSimulator.Deploy.0 = Release|Any CPU
		{76517A56-EB46-4DFF-A0F9-92F5EB647851}.AppStore|Any CPU.ActiveCfg = Release|Any CPU
		{76517A56-EB46-4DFF-A0F9-92F5EB647851}.AppStore|Any CPU.Build.0 = Release|Any CPU
		{76517A56-EB46-4DFF-A0F9-92F5EB647851}.AppStore|Any CPU.Deploy.0 = Release|Any CPU
		{76517A56-EB46-4DFF-A0F9-92F5EB647851}.AppStore|iPhone.ActiveCfg = Release|Any CPU
		{76517A56-EB46-4DFF-A0F9-92F5EB647851}.AppStore|iPhone.Build.0 = Release|Any CPU
		{76517A56-EB46-4DFF-A0F9-92F5EB647851}.AppStore|iPhone.Deploy.0 = Release|Any CPU
		{76517A56-EB46-4DFF-A0F9-92F5EB647851}.AppStore|iPhoneSimulator.ActiveCfg = Release|Any CPU
		{76517A56-EB46-4DFF-A0F9-92F5EB647851}.AppStore|iPhoneSimulator.Build.0 = Release|Any CPU
		{76517A56-EB46-4DFF-A0F9-92F5EB647851}.AppStore|iPhoneSimulator.Deploy.0 = Release|Any CPU
		{76517A56-EB46-4DFF-A0F9-92F5EB647851}.Debug|Any CPU.ActiveCfg = Debug|Any CPU
		{76517A56-EB46-4DFF-A0F9-92F5EB647851}.Debug|Any CPU.Build.0 = Debug|Any CPU
		{76517A56-EB46-4DFF-A0F9-92F5EB647851}.Debug|Any CPU.Deploy.0 = Debug|Any CPU
		{76517A56-EB46-4DFF-A0F9-92F5EB647851}.Debug|iPhone.ActiveCfg = Debug|Any CPU
		{76517A56-EB46-4DFF-A0F9-92F5EB647851}.Debug|iPhone.Build.0 = Debug|Any CPU
		{76517A56-EB46-4DFF-A0F9-92F5EB647851}.Debug|iPhone.Deploy.0 = Debug|Any CPU
		{76517A56-EB46-4DFF-A0F9-92F5EB647851}.Debug|iPhoneSimulator.ActiveCfg = Debug|Any CPU
		{76517A56-EB46-4DFF-A0F9-92F5EB647851}.Debug|iPhoneSimulator.Build.0 = Debug|Any CPU
		{76517A56-EB46-4DFF-A0F9-92F5EB647851}.Debug|iPhoneSimulator.Deploy.0 = Debug|Any CPU
		{76517A56-EB46-4DFF-A0F9-92F5EB647851}.Release|Any CPU.ActiveCfg = Release|Any CPU
		{76517A56-EB46-4DFF-A0F9-92F5EB647851}.Release|Any CPU.Build.0 = Release|Any CPU
		{76517A56-EB46-4DFF-A0F9-92F5EB647851}.Release|Any CPU.Deploy.0 = Release|Any CPU
		{76517A56-EB46-4DFF-A0F9-92F5EB647851}.Release|iPhone.ActiveCfg = Release|Any CPU
		{76517A56-EB46-4DFF-A0F9-92F5EB647851}.Release|iPhone.Build.0 = Release|Any CPU
		{76517A56-EB46-4DFF-A0F9-92F5EB647851}.Release|iPhone.Deploy.0 = Release|Any CPU
		{76517A56-EB46-4DFF-A0F9-92F5EB647851}.Release|iPhoneSimulator.ActiveCfg = Release|Any CPU
		{76517A56-EB46-4DFF-A0F9-92F5EB647851}.Release|iPhoneSimulator.Build.0 = Release|Any CPU
		{76517A56-EB46-4DFF-A0F9-92F5EB647851}.Release|iPhoneSimulator.Deploy.0 = Release|Any CPU
		{2DDADFF6-3ABF-41DF-8DEC-0A72AA8909FC}.Ad-Hoc|Any CPU.ActiveCfg = Ad-Hoc|iPhoneSimulator
		{2DDADFF6-3ABF-41DF-8DEC-0A72AA8909FC}.Ad-Hoc|iPhone.ActiveCfg = Ad-Hoc|iPhone
		{2DDADFF6-3ABF-41DF-8DEC-0A72AA8909FC}.Ad-Hoc|iPhone.Build.0 = Ad-Hoc|iPhone
		{2DDADFF6-3ABF-41DF-8DEC-0A72AA8909FC}.Ad-Hoc|iPhoneSimulator.ActiveCfg = Ad-Hoc|iPhoneSimulator
		{2DDADFF6-3ABF-41DF-8DEC-0A72AA8909FC}.Ad-Hoc|iPhoneSimulator.Build.0 = Ad-Hoc|iPhoneSimulator
		{2DDADFF6-3ABF-41DF-8DEC-0A72AA8909FC}.AppStore|Any CPU.ActiveCfg = AppStore|iPhoneSimulator
		{2DDADFF6-3ABF-41DF-8DEC-0A72AA8909FC}.AppStore|iPhone.ActiveCfg = AppStore|iPhone
		{2DDADFF6-3ABF-41DF-8DEC-0A72AA8909FC}.AppStore|iPhone.Build.0 = AppStore|iPhone
		{2DDADFF6-3ABF-41DF-8DEC-0A72AA8909FC}.AppStore|iPhoneSimulator.ActiveCfg = AppStore|iPhoneSimulator
		{2DDADFF6-3ABF-41DF-8DEC-0A72AA8909FC}.AppStore|iPhoneSimulator.Build.0 = AppStore|iPhoneSimulator
		{2DDADFF6-3ABF-41DF-8DEC-0A72AA8909FC}.Debug|Any CPU.ActiveCfg = Debug|iPhoneSimulator
		{2DDADFF6-3ABF-41DF-8DEC-0A72AA8909FC}.Debug|iPhone.ActiveCfg = Debug|iPhone
		{2DDADFF6-3ABF-41DF-8DEC-0A72AA8909FC}.Debug|iPhone.Build.0 = Debug|iPhone
		{2DDADFF6-3ABF-41DF-8DEC-0A72AA8909FC}.Debug|iPhoneSimulator.ActiveCfg = Debug|iPhoneSimulator
		{2DDADFF6-3ABF-41DF-8DEC-0A72AA8909FC}.Debug|iPhoneSimulator.Build.0 = Debug|iPhoneSimulator
		{2DDADFF6-3ABF-41DF-8DEC-0A72AA8909FC}.Release|Any CPU.ActiveCfg = Release|iPhoneSimulator
		{2DDADFF6-3ABF-41DF-8DEC-0A72AA8909FC}.Release|iPhone.ActiveCfg = Release|iPhone
		{2DDADFF6-3ABF-41DF-8DEC-0A72AA8909FC}.Release|iPhone.Build.0 = Release|iPhone
		{2DDADFF6-3ABF-41DF-8DEC-0A72AA8909FC}.Release|iPhoneSimulator.ActiveCfg = Release|iPhoneSimulator
		{2DDADFF6-3ABF-41DF-8DEC-0A72AA8909FC}.Release|iPhoneSimulator.Build.0 = Release|iPhoneSimulator
	EndGlobalSection
	GlobalSection(SolutionProperties) = preSolution
		HideSolutionNode = FALSE
	EndGlobalSection
	GlobalSection(ExtensibilityGlobals) = postSolution
		SolutionGuid = {82196C3D-BC96-4E92-883E-A595F6C0583E}
	EndGlobalSection
EndGlobal
